
Microsoft Visual Studio Solution File, Format Version 12.00
# Visual Studio Version 17
VisualStudioVersion = 17.8.34330.188
MinimumVisualStudioVersion = 10.0.40219.1
Project("{888888A0-9F3D-457C-B088-3A5042F75D52}") = "CIS261 CP2", "CIS261 CP2.pyproj", "{8D52BD7B-337A-4A3A-8505-0E68094D6A53}"
EndProject
Global
	GlobalSection(SolutionConfigurationPlatforms) = preSolution
		Debug|Any CPU = Debug|Any CPU
		Release|Any CPU = Release|Any CPU
	EndGlobalSection
	GlobalSection(ProjectConfigurationPlatforms) = postSolution
		{8D52BD7B-337A-4A3A-8505-0E68094D6A53}.Debug|Any CPU.ActiveCfg = Debug|Any CPU
		{8D52BD7B-337A-4A3A-8505-0E68094D6A53}.Release|Any CPU.ActiveCfg = Release|Any CPU
	EndGlobalSection
	GlobalSection(SolutionProperties) = preSolution
		HideSolutionNode = FALSE
	EndGlobalSection
	GlobalSection(ExtensibilityGlobals) = postSolution
		SolutionGuid = {06A48078-85CE-4B13-8ECB-909BAE508D1A}
	EndGlobalSection
EndGlobal
